
Microsoft Visual Studio Solution File, Format Version 12.00
# Visual Studio 15
VisualStudioVersion = 15.0.28307.136
MinimumVisualStudioVersion = 10.0.40219.1
Project("{FAE04EC0-301F-11D3-BF4B-00C04F79EFBC}") = "Adventure", "Adventure\Adventure.csproj", "{81D34CFE-4705-41B9-8F4B-6DCE5A1E31DA}"
EndProject
Project("{FAE04EC0-301F-11D3-BF4B-00C04F79EFBC}") = "Engine", "Engine\Engine.csproj", "{76703142-7D81-415A-AEC7-FA72E6785D2B}"
EndProject
Global
	GlobalSection(SolutionConfigurationPlatforms) = preSolution
		Debug|Any CPU = Debug|Any CPU
		Release|Any CPU = Release|Any CPU
	EndGlobalSection
	GlobalSection(ProjectConfigurationPlatforms) = postSolution
		{81D34CFE-4705-41B9-8F4B-6DCE5A1E31DA}.Debug|Any CPU.ActiveCfg = Debug|Any CPU
		{81D34CFE-4705-41B9-8F4B-6DCE5A1E31DA}.Debug|Any CPU.Build.0 = Debug|Any CPU
		{81D34CFE-4705-41B9-8F4B-6DCE5A1E31DA}.Release|Any CPU.ActiveCfg = Release|Any CPU
		{81D34CFE-4705-41B9-8F4B-6DCE5A1E31DA}.Release|Any CPU.Build.0 = Release|Any CPU
		{76703142-7D81-415A-AEC7-FA72E6785D2B}.Debug|Any CPU.ActiveCfg = Debug|Any CPU
		{76703142-7D81-415A-AEC7-FA72E6785D2B}.Debug|Any CPU.Build.0 = Debug|Any CPU
		{76703142-7D81-415A-AEC7-FA72E6785D2B}.Release|Any CPU.ActiveCfg = Release|Any CPU
		{76703142-7D81-415A-AEC7-FA72E6785D2B}.Release|Any CPU.Build.0 = Release|Any CPU
	EndGlobalSection
	GlobalSection(SolutionProperties) = preSolution
		HideSolutionNode = FALSE
	EndGlobalSection
	GlobalSection(ExtensibilityGlobals) = postSolution
		SolutionGuid = {82FD94E0-9C63-4B93-B6A8-3793CD62C3A3}
	EndGlobalSection
EndGlobal
